
Microsoft Visual Studio Solution File, Format Version 12.00
# Visual Studio Version 17
VisualStudioVersion = 17.3.32922.545
MinimumVisualStudioVersion = 10.0.40219.1
Project("{FAE04EC0-301F-11D3-BF4B-00C04F79EFBC}") = "ExcelToPdf", "ExcelToPdf\ExcelToPdf.csproj", "{8BDB5C34-FD09-41B0-9D9C-48BC98B11215}"
EndProject
Global
	GlobalSection(SolutionConfigurationPlatforms) = preSolution
		Debug|Any CPU = Debug|Any CPU
		Release|Any CPU = Release|Any CPU
	EndGlobalSection
	GlobalSection(ProjectConfigurationPlatforms) = postSolution
		{8BDB5C34-FD09-41B0-9D9C-48BC98B11215}.Debug|Any CPU.ActiveCfg = Debug|Any CPU
		{8BDB5C34-FD09-41B0-9D9C-48BC98B11215}.Debug|Any CPU.Build.0 = Debug|Any CPU
		{8BDB5C34-FD09-41B0-9D9C-48BC98B11215}.Release|Any CPU.ActiveCfg = Release|Any CPU
		{8BDB5C34-FD09-41B0-9D9C-48BC98B11215}.Release|Any CPU.Build.0 = Release|Any CPU
	EndGlobalSection
	GlobalSection(SolutionProperties) = preSolution
		HideSolutionNode = FALSE
	EndGlobalSection
	GlobalSection(ExtensibilityGlobals) = postSolution
		SolutionGuid = {61F1E75D-E1B0-4651-9BB9-EFBAE17B2E01}
	EndGlobalSection
EndGlobal
